
Microsoft Visual Studio Solution File, Format Version 12.00
# Visual Studio Version 17
VisualStudioVersion = 17.8.34408.163
MinimumVisualStudioVersion = 10.0.40219.1
Project("{FAE04EC0-301F-11D3-BF4B-00C04F79EFBC}") = "Model", "Model\Model.csproj", "{76BBEB4A-43CD-4F7F-8D7D-6F32B87BF00D}"
EndProject
Project("{FAE04EC0-301F-11D3-BF4B-00C04F79EFBC}") = "GUI", "CoffeeManagement\GUI.csproj", "{66FFA19A-A657-43F4-A315-A515CDC473DC}"
EndProject
Project("{FAE04EC0-301F-11D3-BF4B-00C04F79EFBC}") = "DAL", "DAL\DAL.csproj", "{5708CB4A-8390-4B2C-825F-E2852A05E3DB}"
EndProject
Global
	GlobalSection(SolutionConfigurationPlatforms) = preSolution
		Debug|Any CPU = Debug|Any CPU
		Release|Any CPU = Release|Any CPU
	EndGlobalSection
	GlobalSection(ProjectConfigurationPlatforms) = postSolution
		{76BBEB4A-43CD-4F7F-8D7D-6F32B87BF00D}.Debug|Any CPU.ActiveCfg = Debug|Any CPU
		{76BBEB4A-43CD-4F7F-8D7D-6F32B87BF00D}.Debug|Any CPU.Build.0 = Debug|Any CPU
		{76BBEB4A-43CD-4F7F-8D7D-6F32B87BF00D}.Release|Any CPU.ActiveCfg = Release|Any CPU
		{76BBEB4A-43CD-4F7F-8D7D-6F32B87BF00D}.Release|Any CPU.Build.0 = Release|Any CPU
		{66FFA19A-A657-43F4-A315-A515CDC473DC}.Debug|Any CPU.ActiveCfg = Debug|Any CPU
		{66FFA19A-A657-43F4-A315-A515CDC473DC}.Debug|Any CPU.Build.0 = Debug|Any CPU
		{66FFA19A-A657-43F4-A315-A515CDC473DC}.Release|Any CPU.ActiveCfg = Release|Any CPU
		{66FFA19A-A657-43F4-A315-A515CDC473DC}.Release|Any CPU.Build.0 = Release|Any CPU
		{5708CB4A-8390-4B2C-825F-E2852A05E3DB}.Debug|Any CPU.ActiveCfg = Debug|Any CPU
		{5708CB4A-8390-4B2C-825F-E2852A05E3DB}.Debug|Any CPU.Build.0 = Debug|Any CPU
		{5708CB4A-8390-4B2C-825F-E2852A05E3DB}.Release|Any CPU.ActiveCfg = Release|Any CPU
		{5708CB4A-8390-4B2C-825F-E2852A05E3DB}.Release|Any CPU.Build.0 = Release|Any CPU
	EndGlobalSection
	GlobalSection(SolutionProperties) = preSolution
		HideSolutionNode = FALSE
	EndGlobalSection
	GlobalSection(ExtensibilityGlobals) = postSolution
		SolutionGuid = {C6915800-B49B-4616-AB46-5D5868F99698}
	EndGlobalSection
EndGlobal
